
Microsoft Visual Studio Solution File, Format Version 12.00
# Visual Studio Version 16
VisualStudioVersion = 16.0.30309.148
MinimumVisualStudioVersion = 10.0.40219.1
Project("{FAE04EC0-301F-11D3-BF4B-00C04F79EFBC}") = "IPScanner", "IPScanner\IPScanner.csproj", "{13303B7B-D259-4B01-A94D-B60250F47662}"
EndProject
Global
	GlobalSection(SolutionConfigurationPlatforms) = preSolution
		Debug|Any CPU = Debug|Any CPU
		Release|Any CPU = Release|Any CPU
	EndGlobalSection
	GlobalSection(ProjectConfigurationPlatforms) = postSolution
		{13303B7B-D259-4B01-A94D-B60250F47662}.Debug|Any CPU.ActiveCfg = Debug|Any CPU
		{13303B7B-D259-4B01-A94D-B60250F47662}.Debug|Any CPU.Build.0 = Debug|Any CPU
		{13303B7B-D259-4B01-A94D-B60250F47662}.Release|Any CPU.ActiveCfg = Release|Any CPU
		{13303B7B-D259-4B01-A94D-B60250F47662}.Release|Any CPU.Build.0 = Release|Any CPU
	EndGlobalSection
	GlobalSection(SolutionProperties) = preSolution
		HideSolutionNode = FALSE
	EndGlobalSection
	GlobalSection(ExtensibilityGlobals) = postSolution
		SolutionGuid = {A498C07E-1493-49BE-9E9C-7DBC670A2868}
	EndGlobalSection
EndGlobal
